// !$*UTF8*$!
{
	archiveVersion = 1;
	classes = {
	};
	objectVersion = 77;
	objects = {

/* Begin PBXBuildFile section */
		FED3A450302A5DB200323B4F /* MetalKit.framework in Frameworks */ = {isa = PBXBuildFile; fileRef = FED3A44B302A5DB200323B4F /* MetalKit.framework */; };
		FED3A451302A5DB200323B4F /* Metal.framework in Frameworks */ = {isa = PBXBuildFile; fileRef = FED3A44C302A5DB200323B4F /* Metal.framework */; };
		FED3A452302A5DB200323B4F /* MetalPerformancePrimitives.framework in Frameworks */ = {isa = PBXBuildFile; fileRef = FED3A44D302A5DB200323B4F /* MetalPerformancePrimitives.framework */; };
		FED3A453302A5DB200323B4F /* MetalPerformanceShadersGraph.framework in Frameworks */ = {isa = PBXBuildFile; fileRef = FED3A44E302A5DB200323B4F /* MetalPerformanceShadersGraph.framework */; };
		FED3A454302A5DB200323B4F /* MetalPerformanceShaders.framework in Frameworks */ = {isa = PBXBuildFile; fileRef = FED3A44F302A5DB200323B4F /* MetalPerformanceShaders.framework */; };
		FED3A69A302A644100323B4F /* mandelbrot in Resources */ = {isa = PBXBuildFile; fileRef = FED3A699302A644100323B4F /* mandelbrot */; };
/* End PBXBuildFile section */

/* Begin PBXFileReference section */
		FED3A43C302A5D9600323B4F /* GPU Programming Swift Metal.app */ = {isa = PBXFileReference; explicitFileType = wrapper.application; includeInIndex = 0; path = "GPU Programming Swift Metal.app"; sourceTree = BUILT_PRODUCTS_DIR; };
		FED3A44B302A5DB200323B4F /* MetalKit.framework */ = {isa = PBXFileReference; lastKnownFileType = wrapper.framework; name = MetalKit.framework; path = System/Library/Frameworks/MetalKit.framework; sourceTree = SDKROOT; };
		FED3A44C302A5DB200323B4F /* Metal.framework */ = {isa = PBXFileReference; lastKnownFileType = wrapper.framework; name = Metal.framework; path = System/Library/Frameworks/Metal.framework; sourceTree = SDKROOT; };
		FED3A44D302A5DB200323B4F /* MetalPerformancePrimitives.framework */ = {isa = PBXFileReference; lastKnownFileType = wrapper.framework; name = MetalPerformancePrimitives.framework; path = System/Library/Frameworks/MetalPerformancePrimitives.framework; sourceTree = SDKROOT; };
		FED3A44E302A5DB200323B4F /* MetalPerformanceShadersGraph.framework */ = {isa = PBXFileReference; lastKnownFileType = wrapper.framework; name = MetalPerformanceShadersGraph.framework; path = System/Library/Frameworks/MetalPerformanceShadersGraph.framework; sourceTree = SDKROOT; };
		FED3A44F302A5DB200323B4F /* MetalPerformanceShaders.framework */ = {isa = PBXFileReference; lastKnownFileType = wrapper.framework; name = MetalPerformanceShaders.framework; path = System/Library/Frameworks/MetalPerformanceShaders.framework; sourceTree = SDKROOT; };
		FED3A699302A644100323B4F /* mandelbrot */ = {isa = PBXFileReference; lastKnownFileType = folder; path = mandelbrot; sourceTree = "<group>"; };
/* End PBXFileReference section */

/* Begin PBXFileSystemSynchronizedRootGroup section */
		FED3A43E302A5D9600323B4F /* GPU Programming Swift Metal */ = {
			isa = PBXFileSystemSynchronizedRootGroup;
			path = "GPU Programming Swift Metal";
			sourceTree = "<group>";
		};
/* End PBXFileSystemSynchronizedRootGroup section */

/* Begin PBXFrameworksBuildPhase section */
		FED3A439302A5D9600323B4F /* Frameworks */ = {
			isa = PBXFrameworksBuildPhase;
			buildActionMask = 2147483647;
			files = (
				FED3A454302A5DB200323B4F /* MetalPerformanceShaders.framework in Frameworks */,
				FED3A452302A5DB200323B4F /* MetalPerformancePrimitives.framework in Frameworks */,
				FED3A451302A5DB200323B4F /* Metal.framework in Frameworks */,
				FED3A450302A5DB200323B4F /* MetalKit.framework in Frameworks */,
				FED3A453302A5DB200323B4F /* MetalPerformanceShadersGraph.framework in Frameworks */,
			);
			runOnlyForDeploymentPostprocessing = 0;
		};
/* End PBXFrameworksBuildPhase section */

/* Begin PBXGroup section */
		FED3A433302A5D9600323B4F = {
			isa = PBXGroup;
			children = (
				FED3A699302A644100323B4F /* mandelbrot */,
				FED3A43E302A5D9600323B4F /* GPU Programming Swift Metal */,
				FED3A44A302A5DB200323B4F /* Frameworks */,
				FED3A43D302A5D9600323B4F /* Products */,
			);
			sourceTree = "<group>";
		};
		FED3A43D302A5D9600323B4F /* Products */ = {
			isa = PBXGroup;
			children = (
				FED3A43C302A5D9600323B4F /* GPU Programming Swift Metal.app */,
			);
			name = Products;
			sourceTree = "<group>";
		};
		FED3A44A302A5DB200323B4F /* Frameworks */ = {
			isa = PBXGroup;
			children = (
				FED3A44C302A5DB200323B4F /* Metal.framework */,
				FED3A44B302A5DB200323B4F /* MetalKit.framework */,
				FED3A44D302A5DB200323B4F /* MetalPerformancePrimitives.framework */,
				FED3A44F302A5DB200323B4F /* MetalPerformanceShaders.framework */,
				FED3A44E302A5DB200323B4F /* MetalPerformanceShadersGraph.framework */,
			);
			name = Frameworks;
			sourceTree = "<group>";
		};
/* End PBXGroup section */

/* Begin PBXNativeTarget section */
		FED3A43B302A5D9600323B4F /* GPU Programming Swift Metal */ = {
			isa = PBXNativeTarget;
			buildConfigurationList = FED3A447302A5D9700323B4F /* Build configuration list for PBXNativeTarget "GPU Programming Swift Metal" */;
			buildPhases = (
				FED3A438302A5D9600323B4F /* Sources */,
				FED3A439302A5D9600323B4F /* Frameworks */,
				FED3A43A302A5D9600323B4F /* Resources */,
			);
			buildRules = (
			);
			dependencies = (
			);
			fileSystemSynchronizedGroups = (
				FED3A43E302A5D9600323B4F /* GPU Programming Swift Metal */,
			);
			name = "GPU Programming Swift Metal";
			packageProductDependencies = (
			);
			productName = "GPU Programming Swift Metal";
			productReference = FED3A43C302A5D9600323B4F /* GPU Programming Swift Metal.app */;
			productType = "com.apple.product-type.application";
		};
/* End PBXNativeTarget section */

/* Begin PBXProject section */
		FED3A434302A5D9600323B4F /* Project object */ = {
			isa = PBXProject;
			attributes = {
				BuildIndependentTargetsInParallel = 1;
				LastSwiftUpdateCheck = 2650;
				LastUpgradeCheck = 2650;
				TargetAttributes = {
					FED3A43B302A5D9600323B4F = {
						CreatedOnToolsVersion = 26.5;
					};
				};
			};
			buildConfigurationList = FED3A437302A5D9600323B4F /* Build configuration list for PBXProject "GPU Programming Swift Metal" */;
			developmentRegion = en;
			hasScannedForEncodings = 0;
			knownRegions = (
				en,
				Base,
			);
			mainGroup = FED3A433302A5D9600323B4F;
			minimizedProjectReferenceProxies = 1;
			preferredProjectObjectVersion = 77;
			productRefGroup = FED3A43D302A5D9600323B4F /* Products */;
			projectDirPath = "";
			projectRoot = "";
			targets = (
				FED3A43B302A5D9600323B4F /* GPU Programming Swift Metal */,
			);
		};
/* End PBXProject section */

/* Begin PBXResourcesBuildPhase section */
		FED3A43A302A5D9600323B4F /* Resources */ = {
			isa = PBXResourcesBuildPhase;
			buildActionMask = 2147483647;
			files = (
				FED3A69A302A644100323B4F /* mandelbrot in Resources */,
			);
			runOnlyForDeploymentPostprocessing = 0;
		};
/* End PBXResourcesBuildPhase section */

/* Begin PBXSourcesBuildPhase section */
		FED3A438302A5D9600323B4F /* Sources */ = {
			isa = PBXSourcesBuildPhase;
			buildActionMask = 2147483647;
			files = (
			);
			runOnlyForDeploymentPostprocessing = 0;
		};
/* End PBXSourcesBuildPhase section */

/* Begin XCBuildConfiguration section */
		FED3A445302A5D9700323B4F /* Debug */ = {
			isa = XCBuildConfiguration;
			buildSettings = {
				ALWAYS_SEARCH_USER_PATHS = NO;
				ASSETCATALOG_COMPILER_GENERATE_SWIFT_ASSET_SYMBOL_EXTENSIONS = YES;
				CLANG_ANALYZER_NONNULL = YES;
				CLANG_ANALYZER_NUMBER_OBJECT_CONVERSION = YES_AGGRESSIVE;
				CLANG_CXX_LANGUAGE_STANDARD = "gnu++20";
				CLANG_ENABLE_MODULES = YES;
				CLANG_ENABLE_OBJC_ARC = YES;
				CLANG_ENABLE_OBJC_WEAK = YES;
				CLANG_WARN_BLOCK_CAPTURE_AUTORELEASING = YES;
				CLANG_WARN_BOOL_CONVERSION = YES;
				CLANG_WARN_COMMA = YES;
				CLANG_WARN_CONSTANT_CONVERSION = YES;
				CLANG_WARN_DEPRECATED_OBJC_IMPLEMENTATIONS = YES;
				CLANG_WARN_DIRECT_OBJC_ISA_USAGE = YES_ERROR;
				CLANG_WARN_DOCUMENTATION_COMMENTS = YES;
				CLANG_WARN_EMPTY_BODY = YES;
				CLANG_WARN_ENUM_CONVERSION = YES;
				CLANG_WARN_INFINITE_RECURSION = YES;
				CLANG_WARN_INT_CONVERSION = YES;
				CLANG_WARN_NON_LITERAL_NULL_CONVERSION = YES;
				CLANG_WARN_OBJC_IMPLICIT_RETAIN_SELF = YES;
				CLANG_WARN_OBJC_LITERAL_CONVERSION = YES;
				CLANG_WARN_OBJC_ROOT_CLASS = YES_ERROR;
				CLANG_WARN_QUOTED_INCLUDE_IN_FRAMEWORK_HEADER = YES;
				CLANG_WARN_RANGE_LOOP_ANALYSIS = YES;
				CLANG_WARN_STRICT_PROTOTYPES = YES;
				CLANG_WARN_SUSPICIOUS_MOVE = YES;
				CLANG_WARN_UNGUARDED_AVAILABILITY = YES_AGGRESSIVE;
				CLANG_WARN_UNREACHABLE_CODE = YES;
				CLANG_WARN__DUPLICATE_METHOD_MATCH = YES;
				COPY_PHASE_STRIP = NO;
				DEBUG_INFORMATION_FORMAT = dwarf;
				ENABLE_STRICT_OBJC_MSGSEND = YES;
				ENABLE_TESTABILITY = YES;
				ENABLE_USER_SCRIPT_SANDBOXING = YES;
				GCC_C_LANGUAGE_STANDARD = gnu17;
				GCC_DYNAMIC_NO_PIC = NO;
				GCC_NO_COMMON_BLOCKS = YES;
				GCC_OPTIMIZATION_LEVEL = 0;
				GCC_PREPROCESSOR_DEFINITIONS = (
					"DEBUG=1",
					"$(inherited)",
				);
				GCC_WARN_64_TO_32_BIT_CONVERSION = YES;
				GCC_WARN_ABOUT_RETURN_TYPE = YES_ERROR;
				GCC_WARN_UNDECLARED_SELECTOR = YES;
				GCC_WARN_UNINITIALIZED_AUTOS = YES_AGGRESSIVE;
				GCC_WARN_UNUSED_FUNCTION = YES;
				GCC_WARN_UNUSED_VARIABLE = YES;
				LOCALIZATION_PREFERS_STRING_CATALOGS = YES;
				MACOSX_DEPLOYMENT_TARGET = 26.5;
				MTL_ENABLE_DEBUG_INFO = INCLUDE_SOURCE;
				MTL_FAST_MATH = YES;
				MTL_OPTIMIZATION_LEVEL = "-O3";
				MTL_TREAT_WARNINGS_AS_ERRORS = YES;
				ONLY_ACTIVE_ARCH = YES;
				SDKROOT = macosx;
				SWIFT_ACTIVE_COMPILATION_CONDITIONS = "DEBUG $(inherited)";
				SWIFT_OPTIMIZATION_LEVEL = "-Onone";
			};
			name = Debug;
		};
		FED3A446302A5D9700323B4F /* Release */ = {
			isa = XCBuildConfiguration;
			buildSettings = {
				ALWAYS_SEARCH_USER_PATHS = NO;
				ASSETCATALOG_COMPILER_GENERATE_SWIFT_ASSET_SYMBOL_EXTENSIONS = YES;
				CLANG_ANALYZER_NONNULL = YES;
				CLANG_ANALYZER_NUMBER_OBJECT_CONVERSION = YES_AGGRESSIVE;
				CLANG_CXX_LANGUAGE_STANDARD = "gnu++20";
				CLANG_ENABLE_MODULES = YES;
				CLANG_ENABLE_OBJC_ARC = YES;
				CLANG_ENABLE_OBJC_WEAK = YES;
				CLANG_WARN_BLOCK_CAPTURE_AUTORELEASING = YES;
				CLANG_WARN_BOOL_CONVERSION = YES;
				CLANG_WARN_COMMA = YES;
				CLANG_WARN_CONSTANT_CONVERSION = YES;
				CLANG_WARN_DEPRECATED_OBJC_IMPLEMENTATIONS = YES;
				CLANG_WARN_DIRECT_OBJC_ISA_USAGE = YES_ERROR;
				CLANG_WARN_DOCUMENTATION_COMMENTS = YES;
				CLANG_WARN_EMPTY_BODY = YES;
				CLANG_WARN_ENUM_CONVERSION = YES;
				CLANG_WARN_INFINITE_RECURSION = YES;
				CLANG_WARN_INT_CONVERSION = YES;
				CLANG_WARN_NON_LITERAL_NULL_CONVERSION = YES;
				CLANG_WARN_OBJC_IMPLICIT_RETAIN_SELF = YES;
				CLANG_WARN_OBJC_LITERAL_CONVERSION = YES;
				CLANG_WARN_OBJC_ROOT_CLASS = YES_ERROR;
				CLANG_WARN_QUOTED_INCLUDE_IN_FRAMEWORK_HEADER = YES;
				CLANG_WARN_RANGE_LOOP_ANALYSIS = YES;
				CLANG_WARN_STRICT_PROTOTYPES = YES;
				CLANG_WARN_SUSPICIOUS_MOVE = YES;
				CLANG_WARN_UNGUARDED_AVAILABILITY = YES_AGGRESSIVE;
				CLANG_WARN_UNREACHABLE_CODE = YES;
				CLANG_WARN__DUPLICATE_METHOD_MATCH = YES;
				COPY_PHASE_STRIP = NO;
				DEBUG_INFORMATION_FORMAT = "dwarf-with-dsym";
				ENABLE_NS_ASSERTIONS = NO;
				ENABLE_STRICT_OBJC_MSGSEND = YES;
				ENABLE_USER_SCRIPT_SANDBOXING = YES;
				GCC_C_LANGUAGE_STANDARD = gnu17;
				GCC_NO_COMMON_BLOCKS = YES;
				GCC_WARN_64_TO_32_BIT_CONVERSION = YES;
				GCC_WARN_ABOUT_RETURN_TYPE = YES_ERROR;
				GCC_WARN_UNDECLARED_SELECTOR = YES;
				GCC_WARN_UNINITIALIZED_AUTOS = YES_AGGRESSIVE;
				GCC_WARN_UNUSED_FUNCTION = YES;
				GCC_WARN_UNUSED_VARIABLE = YES;
				LOCALIZATION_PREFERS_STRING_CATALOGS = YES;
				MACOSX_DEPLOYMENT_TARGET = 26.5;
				MTL_ENABLE_DEBUG_INFO = NO;
				MTL_FAST_MATH = YES;
				MTL_OPTIMIZATION_LEVEL = "-O3";
				MTL_TREAT_WARNINGS_AS_ERRORS = YES;
				SDKROOT = macosx;
				SWIFT_COMPILATION_MODE = wholemodule;
			};
			name = Release;
		};
		FED3A448302A5D9700323B4F /* Debug */ = {
			isa = XCBuildConfiguration;
			buildSettings = {
				ASSETCATALOG_COMPILER_APPICON_NAME = AppIcon;
				ASSETCATALOG_COMPILER_GLOBAL_ACCENT_COLOR_NAME = AccentColor;
				CODE_SIGN_STYLE = Automatic;
				COMBINE_HIDPI_IMAGES = YES;
				CURRENT_PROJECT_VERSION = 1;
				ENABLE_APP_SANDBOX = NO;
				ENABLE_PREVIEWS = YES;
				GENERATE_INFOPLIST_FILE = YES;
				INFOPLIST_KEY_MetalCaptureEnabled = YES;
				INFOPLIST_KEY_NSHumanReadableCopyright = "";
				LD_RUNPATH_SEARCH_PATHS = (
					"$(inherited)",
					"@executable_path/../Frameworks",
				);
				MACOSX_DEPLOYMENT_TARGET = 26.0;
				MARKETING_VERSION = 1.0;
				MTL_COMPILER_FLAGS = "-fmetal-enable-logging";
				MTL_ENABLE_INDEX_STORE = YES;
				MTL_OPTIMIZATION_LEVEL = "-O3";
				MTL_TREAT_WARNINGS_AS_ERRORS = YES;
				PRODUCT_BUNDLE_IDENTIFIER = "com.peercompute.gpu-programming-swift-metal";
				PRODUCT_NAME = "$(TARGET_NAME)";
				REGISTER_APP_GROUPS = YES;
				STRING_CATALOG_GENERATE_SYMBOLS = YES;
				SWIFT_APPROACHABLE_CONCURRENCY = YES;
				SWIFT_DEFAULT_ACTOR_ISOLATION = MainActor;
				SWIFT_EMIT_LOC_STRINGS = YES;
				SWIFT_UPCOMING_FEATURE_MEMBER_IMPORT_VISIBILITY = YES;
				SWIFT_VERSION = 5.0;
			};
			name = Debug;
		};
		FED3A449302A5D9700323B4F /* Release */ = {
			isa = XCBuildConfiguration;
			buildSettings = {
				ASSETCATALOG_COMPILER_APPICON_NAME = AppIcon;
				ASSETCATALOG_COMPILER_GLOBAL_ACCENT_COLOR_NAME = AccentColor;
				CODE_SIGN_STYLE = Automatic;
				COMBINE_HIDPI_IMAGES = YES;
				CURRENT_PROJECT_VERSION = 1;
				ENABLE_APP_SANDBOX = NO;
				ENABLE_PREVIEWS = YES;
				GENERATE_INFOPLIST_FILE = YES;
				INFOPLIST_KEY_MetalCaptureEnabled = NO;
				INFOPLIST_KEY_NSHumanReadableCopyright = "";
				LD_RUNPATH_SEARCH_PATHS = (
					"$(inherited)",
					"@executable_path/../Frameworks",
				);
				MACOSX_DEPLOYMENT_TARGET = 26.0;
				MARKETING_VERSION = 1.0;
				MTL_COMPILER_FLAGS = "-fmetal-enable-logging";
				MTL_ENABLE_INDEX_STORE = YES;
				MTL_OPTIMIZATION_LEVEL = "-O3";
				MTL_TREAT_WARNINGS_AS_ERRORS = YES;
				PRODUCT_BUNDLE_IDENTIFIER = "com.peercompute.gpu-programming-swift-metal";
				PRODUCT_NAME = "$(TARGET_NAME)";
				REGISTER_APP_GROUPS = YES;
				STRING_CATALOG_GENERATE_SYMBOLS = YES;
				SWIFT_APPROACHABLE_CONCURRENCY = YES;
				SWIFT_DEFAULT_ACTOR_ISOLATION = MainActor;
				SWIFT_EMIT_LOC_STRINGS = YES;
				SWIFT_UPCOMING_FEATURE_MEMBER_IMPORT_VISIBILITY = YES;
				SWIFT_VERSION = 5.0;
			};
			name = Release;
		};
/* End XCBuildConfiguration section */

/* Begin XCConfigurationList section */
		FED3A437302A5D9600323B4F /* Build configuration list for PBXProject "GPU Programming Swift Metal" */ = {
			isa = XCConfigurationList;
			buildConfigurations = (
				FED3A445302A5D9700323B4F /* Debug */,
				FED3A446302A5D9700323B4F /* Release */,
			);
			defaultConfigurationIsVisible = 0;
			defaultConfigurationName = Release;
		};
		FED3A447302A5D9700323B4F /* Build configuration list for PBXNativeTarget "GPU Programming Swift Metal" */ = {
			isa = XCConfigurationList;
			buildConfigurations = (
				FED3A448302A5D9700323B4F /* Debug */,
				FED3A449302A5D9700323B4F /* Release */,
			);
			defaultConfigurationIsVisible = 0;
			defaultConfigurationName = Release;
		};
/* End XCConfigurationList section */
	};
	rootObject = FED3A434302A5D9600323B4F /* Project object */;
}
